<?xml version="1.0" encoding="utf-8"?>
<Project ToolsVersion="4.0" xmlns="http://schemas.microsoft.com/developer/msbuild/2003">
  <ItemGroup>
    <Filter Include="src">
      <UniqueIdentifier>{c017f4a5-4be6-4149-ac40-9cacfcae77c9}</UniqueIdentifier>
    </Filter>
    <Filter Include="src\common">
      <UniqueIdentifier>{3a45b9ef-7c64-4e80-b8c4-20cbb54fe36f}</UniqueIdentifier>
    </Filter>
    <Filter Include="src\engine">
      <UniqueIdentifier>{d5c39ebc-87e7-4e97-bcd6-2c4bba20fba1}</UniqueIdentifier>
    </Filter>
    <Filter Include="src\entities">
      <UniqueIdentifier>{e563c26e-cd97-4e18-bf0f-d8fadd6349c9}</UniqueIdentifier>
    </Filter>
    <Filter Include="src\gui">
      <UniqueIdentifier>{6b8eeb33-5d66-4802-8959-ead5e542def3}</UniqueIdentifier>
    </Filter>
    <Filter Include="src\input">
      <UniqueIdentifier>{8cc9d121-0efa-4813-8876-9d033ca9850c}</UniqueIdentifier>
    </Filter>
    <Filter Include="src\scenes">
      <UniqueIdentifier>{08b59a67-b885-4c29-8356-d5411c95aa45}</UniqueIdentifier>
    </Filter>
    <Filter Include="lib">
      <UniqueIdentifier>{1e94ced4-2f1b-45d0-95eb-3be805a131f0}</UniqueIdentifier>
    </Filter>
    <Filter Include="lib\ppk_assert">
      <UniqueIdentifier>{7d90a138-bc12-4c88-ac98-97270e52aa78}</UniqueIdentifier>
    </Filter>
    <Filter Include="lib\tinyxml">
      <UniqueIdentifier>{beb26093-591d-4818-b2a0-31e78f903d09}</UniqueIdentifier>
    </Filter>
    <Filter Include="src\gui\controls">
      <UniqueIdentifier>{b269ae87-cddf-4ec4-a3e6-ad2fc1101286}</UniqueIdentifier>
    </Filter>
    <Filter Include="src\components">
      <UniqueIdentifier>{659c16cb-67c8-4ca8-ba53-51fd22035e04}</UniqueIdentifier>
    </Filter>
    <Filter Include="src\components\behavior_tree">
      <UniqueIdentifier>{c833c206-a729-44bd-a32a-6c4541eff151}</UniqueIdentifier>
    </Filter>
    <Filter Include="src\components\behavior_tree\actions">
      <UniqueIdentifier>{cb18291a-3f14-4dbb-92b2-582dd3044e14}</UniqueIdentifier>
    </Filter>
    <Filter Include="src\components\behavior_tree\conditions">
      <UniqueIdentifier>{0c481f85-943c-4147-980c-83b8c6610432}</UniqueIdentifier>
    </Filter>
    <Filter Include="src\messages">
      <UniqueIdentifier>{a5831c08-9339-411d-89eb-d81dbad4b88e}</UniqueIdentifier>
    </Filter>
  </ItemGroup>
  <ItemGroup>
    <ClInclude Include="..\src\globals.h">
      <Filter>src</Filter>
    </ClInclude>
    <ClInclude Include="..\src\scenes\world.h">
      <Filter>src\scenes</Filter>
    </ClInclude>
    <ClInclude Include="..\src\input\input_manager.h">
      <Filter>src\input</Filter>
    </ClInclude>
    <ClInclude Include="..\src\gui\string_manager.h">
      <Filter>src\gui</Filter>
    </ClInclude>
    <ClInclude Include="..\src\entities\entity.h">
      <Filter>src\entities</Filter>
    </ClInclude>
    <ClInclude Include="..\src\engine\graphics_engine.h">
      <Filter>src\engine</Filter>
    </ClInclude>
    <ClInclude Include="..\src\common\core.h">
      <Filter>src\common</Filter>
    </ClInclude>
    <ClInclude Include="..\src\common\font.h">
      <Filter>src\common</Filter>
    </ClInclude>
    <ClInclude Include="..\src\common\lodepng.h">
      <Filter>src\common</Filter>
    </ClInclude>
    <ClInclude Include="..\src\common\stdafx.h">
      <Filter>src\common</Filter>
    </ClInclude>
    <ClInclude Include="..\src\common\sys.h">
      <Filter>src\common</Filter>
    </ClInclude>
    <ClInclude Include="..\src\engine\sound_engine.h">
      <Filter>src\engine</Filter>
    </ClInclude>
    <ClInclude Include="..\src\common\leaks.h">
      <Filter>src\common</Filter>
    </ClInclude>
    <ClInclude Include="..\lib\ppk_assert\ppk_assert.h">
      <Filter>lib\ppk_assert</Filter>
    </ClInclude>
    <ClInclude Include="..\lib\tinyxml\tinystr.h">
      <Filter>lib\tinyxml</Filter>
    </ClInclude>
    <ClInclude Include="..\lib\tinyxml\tinyxml.h">
      <Filter>lib\tinyxml</Filter>
    </ClInclude>
    <ClInclude Include="..\src\REG_WEAPONS.h">
      <Filter>src</Filter>
    </ClInclude>
    <ClInclude Include="..\src\scenes\menu_scene.h">
      <Filter>src\scenes</Filter>
    </ClInclude>
    <ClInclude Include="..\src\scenes\game_scene.h">
      <Filter>src\scenes</Filter>
    </ClInclude>
    <ClInclude Include="..\src\scenes\scene.h">
      <Filter>src\scenes</Filter>
    </ClInclude>
    <ClInclude Include="..\src\scenes\scene_manager.h">
      <Filter>src\scenes</Filter>
    </ClInclude>
    <ClInclude Include="..\src\entities\entities_factory.h">
      <Filter>src\entities</Filter>
    </ClInclude>
    <ClInclude Include="..\src\input\iinput_manager.h">
      <Filter>src\input</Filter>
    </ClInclude>
    <ClInclude Include="..\src\gui\menu_manager.h">
      <Filter>src\gui</Filter>
    </ClInclude>
    <ClInclude Include="..\src\gui\controls\button.h">
      <Filter>src\gui\controls</Filter>
    </ClInclude>
    <ClInclude Include="..\src\gui\controls\checkbox.h">
      <Filter>src\gui\controls</Filter>
    </ClInclude>
    <ClInclude Include="..\src\gui\controls\control.h">
      <Filter>src\gui\controls</Filter>
    </ClInclude>
    <ClInclude Include="..\src\gui\controls\label.h">
      <Filter>src\gui\controls</Filter>
    </ClInclude>
    <ClInclude Include="..\src\gui\controls\menu.h">
      <Filter>src\gui\controls</Filter>
    </ClInclude>
    <ClInclude Include="..\src\gui\controls\slider.h">
      <Filter>src\gui\controls</Filter>
    </ClInclude>
    <ClInclude Include="..\src\REG_BEHAVIORS.h">
      <Filter>src</Filter>
    </ClInclude>
    <ClInclude Include="..\src\REG_ENEMIES.h">
      <Filter>src</Filter>
    </ClInclude>
    <ClInclude Include="..\src\REG_ENTITIES.h">
      <Filter>src</Filter>
    </ClInclude>
    <ClInclude Include="..\src\common\math_utils.h">
      <Filter>src\common</Filter>
    </ClInclude>
    <ClInclude Include="..\src\engine\graphics_entitiy.h">
      <Filter>src\engine</Filter>
    </ClInclude>
    <ClInclude Include="..\src\engine\sprite.h">
      <Filter>src\engine</Filter>
    </ClInclude>
    <ClInclude Include="..\src\engine\text.h">
      <Filter>src\engine</Filter>
    </ClInclude>
    <ClInclude Include="..\src\components\bossIAComponent.h">
      <Filter>src\components</Filter>
    </ClInclude>
    <ClInclude Include="..\src\components\component.h">
      <Filter>src\components</Filter>
    </ClInclude>
    <ClInclude Include="..\src\components\LifeComponent.h">
      <Filter>src\components</Filter>
    </ClInclude>
    <ClInclude Include="..\src\components\MovementComponent.h">
      <Filter>src\components</Filter>
    </ClInclude>
    <ClInclude Include="..\src\components\behavior_tree\behavior.h">
      <Filter>src\components\behavior_tree</Filter>
    </ClInclude>
    <ClInclude Include="..\src\components\behavior_tree\behavior_tree.h">
      <Filter>src\components\behavior_tree</Filter>
    </ClInclude>
    <ClInclude Include="..\src\components\behavior_tree\blackboard.h">
      <Filter>src\components\behavior_tree</Filter>
    </ClInclude>
    <ClInclude Include="..\src\components\behavior_tree\group.h">
      <Filter>src\components\behavior_tree</Filter>
    </ClInclude>
    <ClInclude Include="..\src\components\behavior_tree\parallel.h">
      <Filter>src\components\behavior_tree</Filter>
    </ClInclude>
    <ClInclude Include="..\src\components\behavior_tree\repeat.h">
      <Filter>src\components\behavior_tree</Filter>
    </ClInclude>
    <ClInclude Include="..\src\components\behavior_tree\selector.h">
      <Filter>src\components\behavior_tree</Filter>
    </ClInclude>
    <ClInclude Include="..\src\components\behavior_tree\sequence.h">
      <Filter>src\components\behavior_tree</Filter>
    </ClInclude>
    <ClInclude Include="..\src\components\behavior_tree\actions\aim_player.h">
      <Filter>src\components\behavior_tree\actions</Filter>
    </ClInclude>
    <ClInclude Include="..\src\components\behavior_tree\actions\change_sprite.h">
      <Filter>src\components\behavior_tree\actions</Filter>
    </ClInclude>
    <ClInclude Include="..\src\components\behavior_tree\actions\change_weapon.h">
      <Filter>src\components\behavior_tree\actions</Filter>
    </ClInclude>
    <ClInclude Include="..\src\components\behavior_tree\actions\chase.h">
      <Filter>src\components\behavior_tree\actions</Filter>
    </ClInclude>
    <ClInclude Include="..\src\components\behavior_tree\actions\check_life.h">
      <Filter>src\components\behavior_tree\actions</Filter>
    </ClInclude>
    <ClInclude Include="..\src\components\behavior_tree\actions\death.h">
      <Filter>src\components\behavior_tree\actions</Filter>
    </ClInclude>
    <ClInclude Include="..\src\components\behavior_tree\actions\fire.h">
      <Filter>src\components\behavior_tree\actions</Filter>
    </ClInclude>
    <ClInclude Include="..\src\components\behavior_tree\actions\goto_player.h">
      <Filter>src\components\behavior_tree\actions</Filter>
    </ClInclude>
    <ClInclude Include="..\src\components\behavior_tree\actions\goto_random.h">
      <Filter>src\components\behavior_tree\actions</Filter>
    </ClInclude>
    <ClInclude Include="..\src\components\behavior_tree\actions\hit.h">
      <Filter>src\components\behavior_tree\actions</Filter>
    </ClInclude>
    <ClInclude Include="..\src\components\behavior_tree\actions\idle.h">
      <Filter>src\components\behavior_tree\actions</Filter>
    </ClInclude>
    <ClInclude Include="..\src\components\behavior_tree\actions\rotate_aim.h">
      <Filter>src\components\behavior_tree\actions</Filter>
    </ClInclude>
    <ClInclude Include="..\src\components\behavior_tree\actions\wait.h">
      <Filter>src\components\behavior_tree\actions</Filter>
    </ClInclude>
    <ClInclude Include="..\src\components\behavior_tree\conditions\check_dead.h">
      <Filter>src\components\behavior_tree\conditions</Filter>
    </ClInclude>
    <ClInclude Include="..\src\components\behavior_tree\conditions\check_distance.h">
      <Filter>src\components\behavior_tree\conditions</Filter>
    </ClInclude>
    <ClInclude Include="..\src\components\behavior_tree\conditions\check_hit.h">
      <Filter>src\components\behavior_tree\conditions</Filter>
    </ClInclude>
    <ClInclude Include="..\src\components\TransformComponent.h">
      <Filter>src\components</Filter>
    </ClInclude>
    <ClInclude Include="..\src\messages\message.h">
      <Filter>src\messages</Filter>
    </ClInclude>
    <ClInclude Include="..\src\components\RenderableComponent.h">
      <Filter>src\components</Filter>
    </ClInclude>
    <ClInclude Include="..\src\components\PlayerControllerComponent.h">
      <Filter>src\components</Filter>
    </ClInclude>
    <ClInclude Include="..\src\components\ExplossiveComponent.h">
      <Filter>src\components</Filter>
    </ClInclude>
    <ClInclude Include="..\src\components\AIMeleeComponent.h">
      <Filter>src\components</Filter>
    </ClInclude>
  </ItemGroup>
  <ItemGroup>
    <ClCompile Include="..\src\main.cpp">
      <Filter>src</Filter>
    </ClCompile>
    <ClCompile Include="..\src\scenes\world.cpp">
      <Filter>src\scenes</Filter>
    </ClCompile>
    <ClCompile Include="..\src\input\input_manager.cpp">
      <Filter>src\input</Filter>
    </ClCompile>
    <ClCompile Include="..\src\gui\string_manager.cpp">
      <Filter>src\gui</Filter>
    </ClCompile>
    <ClCompile Include="..\src\entities\entity.cpp">
      <Filter>src\entities</Filter>
    </ClCompile>
    <ClCompile Include="..\src\engine\graphics_engine.cpp">
      <Filter>src\engine</Filter>
    </ClCompile>
    <ClCompile Include="..\src\common\core.cpp">
      <Filter>src\common</Filter>
    </ClCompile>
    <ClCompile Include="..\src\common\font.cpp">
      <Filter>src\common</Filter>
    </ClCompile>
    <ClCompile Include="..\src\common\lodepng.cpp">
      <Filter>src\common</Filter>
    </ClCompile>
    <ClCompile Include="..\src\common\stdafx.cpp">
      <Filter>src\common</Filter>
    </ClCompile>
    <ClCompile Include="..\src\common\sys_win.cpp">
      <Filter>src\common</Filter>
    </ClCompile>
    <ClCompile Include="..\src\engine\sound_engine.cpp">
      <Filter>src\engine</Filter>
    </ClCompile>
    <ClCompile Include="..\src\common\leaks_windows.cpp">
      <Filter>src\common</Filter>
    </ClCompile>
    <ClCompile Include="..\src\common\leaks.cpp">
      <Filter>src\common</Filter>
    </ClCompile>
    <ClCompile Include="..\lib\ppk_assert\ppk_assert.cpp">
      <Filter>lib\ppk_assert</Filter>
    </ClCompile>
    <ClCompile Include="..\lib\tinyxml\tinystr.cpp">
      <Filter>lib\tinyxml</Filter>
    </ClCompile>
    <ClCompile Include="..\lib\tinyxml\tinyxml.cpp">
      <Filter>lib\tinyxml</Filter>
    </ClCompile>
    <ClCompile Include="..\lib\tinyxml\tinyxmlerror.cpp">
      <Filter>lib\tinyxml</Filter>
    </ClCompile>
    <ClCompile Include="..\lib\tinyxml\tinyxmlparser.cpp">
      <Filter>lib\tinyxml</Filter>
    </ClCompile>
    <ClCompile Include="..\src\scenes\menu_scene.cpp">
      <Filter>src\scenes</Filter>
    </ClCompile>
    <ClCompile Include="..\src\scenes\game_scene.cpp">
      <Filter>src\scenes</Filter>
    </ClCompile>
    <ClCompile Include="..\src\scenes\scene_manager.cpp">
      <Filter>src\scenes</Filter>
    </ClCompile>
    <ClCompile Include="..\src\entities\entities_factory.cpp">
      <Filter>src\entities</Filter>
    </ClCompile>
    <ClCompile Include="..\src\gui\menu_manager.cpp">
      <Filter>src\gui</Filter>
    </ClCompile>
    <ClCompile Include="..\src\gui\controls\button.cpp">
      <Filter>src\gui\controls</Filter>
    </ClCompile>
    <ClCompile Include="..\src\gui\controls\checkbox.cpp">
      <Filter>src\gui\controls</Filter>
    </ClCompile>
    <ClCompile Include="..\src\gui\controls\label.cpp">
      <Filter>src\gui\controls</Filter>
    </ClCompile>
    <ClCompile Include="..\src\gui\controls\menu.cpp">
      <Filter>src\gui\controls</Filter>
    </ClCompile>
    <ClCompile Include="..\src\gui\controls\slider.cpp">
      <Filter>src\gui\controls</Filter>
    </ClCompile>
    <ClCompile Include="..\src\common\math_utils.cpp">
      <Filter>src\common</Filter>
    </ClCompile>
    <ClCompile Include="..\src\engine\graphics_entity.cpp">
      <Filter>src\engine</Filter>
    </ClCompile>
    <ClCompile Include="..\src\engine\sprite.cpp">
      <Filter>src\engine</Filter>
    </ClCompile>
    <ClCompile Include="..\src\engine\text.cpp">
      <Filter>src\engine</Filter>
    </ClCompile>
    <ClCompile Include="..\src\components\bossIAComponent.cpp">
      <Filter>src\components</Filter>
    </ClCompile>
    <ClCompile Include="..\src\components\component.cpp">
      <Filter>src\components</Filter>
    </ClCompile>
    <ClCompile Include="..\src\components\LifeComponent.cpp">
      <Filter>src\components</Filter>
    </ClCompile>
    <ClCompile Include="..\src\components\MovementComponent.cpp">
      <Filter>src\components</Filter>
    </ClCompile>
    <ClCompile Include="..\src\components\behavior_tree\behavior.cpp">
      <Filter>src\components\behavior_tree</Filter>
    </ClCompile>
    <ClCompile Include="..\src\components\behavior_tree\behavior_tree.cpp">
      <Filter>src\components\behavior_tree</Filter>
    </ClCompile>
    <ClCompile Include="..\src\components\behavior_tree\blackboard.cpp">
      <Filter>src\components\behavior_tree</Filter>
    </ClCompile>
    <ClCompile Include="..\src\components\behavior_tree\group.cpp">
      <Filter>src\components\behavior_tree</Filter>
    </ClCompile>
    <ClCompile Include="..\src\components\behavior_tree\parallel.cpp">
      <Filter>src\components\behavior_tree</Filter>
    </ClCompile>
    <ClCompile Include="..\src\components\behavior_tree\repeat.cpp">
      <Filter>src\components\behavior_tree</Filter>
    </ClCompile>
    <ClCompile Include="..\src\components\behavior_tree\selector.cpp">
      <Filter>src\components\behavior_tree</Filter>
    </ClCompile>
    <ClCompile Include="..\src\components\behavior_tree\sequence.cpp">
      <Filter>src\components\behavior_tree</Filter>
    </ClCompile>
    <ClCompile Include="..\src\components\behavior_tree\actions\aim_player.cpp">
      <Filter>src\components\behavior_tree\actions</Filter>
    </ClCompile>
    <ClCompile Include="..\src\components\behavior_tree\actions\change_sprite.cpp">
      <Filter>src\components\behavior_tree\actions</Filter>
    </ClCompile>
    <ClCompile Include="..\src\components\behavior_tree\actions\change_weapon.cpp">
      <Filter>src\components\behavior_tree\actions</Filter>
    </ClCompile>
    <ClCompile Include="..\src\components\behavior_tree\actions\chase.cpp">
      <Filter>src\components\behavior_tree\actions</Filter>
    </ClCompile>
    <ClCompile Include="..\src\components\behavior_tree\actions\check_life.cpp">
      <Filter>src\components\behavior_tree\actions</Filter>
    </ClCompile>
    <ClCompile Include="..\src\components\behavior_tree\actions\death.cpp">
      <Filter>src\components\behavior_tree\actions</Filter>
    </ClCompile>
    <ClCompile Include="..\src\components\behavior_tree\actions\fire.cpp">
      <Filter>src\components\behavior_tree\actions</Filter>
    </ClCompile>
    <ClCompile Include="..\src\components\behavior_tree\actions\goto_player.cpp">
      <Filter>src\components\behavior_tree\actions</Filter>
    </ClCompile>
    <ClCompile Include="..\src\components\behavior_tree\actions\goto_random.cpp">
      <Filter>src\components\behavior_tree\actions</Filter>
    </ClCompile>
    <ClCompile Include="..\src\components\behavior_tree\actions\hit.cpp">
      <Filter>src\components\behavior_tree\actions</Filter>
    </ClCompile>
    <ClCompile Include="..\src\components\behavior_tree\actions\idle.cpp">
      <Filter>src\components\behavior_tree\actions</Filter>
    </ClCompile>
    <ClCompile Include="..\src\components\behavior_tree\actions\rotate_aim.cpp">
      <Filter>src\components\behavior_tree\actions</Filter>
    </ClCompile>
    <ClCompile Include="..\src\components\behavior_tree\actions\wait.cpp">
      <Filter>src\components\behavior_tree\actions</Filter>
    </ClCompile>
    <ClCompile Include="..\src\components\behavior_tree\conditions\check_dead.cpp">
      <Filter>src\components\behavior_tree\conditions</Filter>
    </ClCompile>
    <ClCompile Include="..\src\components\behavior_tree\conditions\check_distance.cpp">
      <Filter>src\components\behavior_tree\conditions</Filter>
    </ClCompile>
    <ClCompile Include="..\src\components\behavior_tree\conditions\check_hit.cpp">
      <Filter>src\components\behavior_tree\conditions</Filter>
    </ClCompile>
    <ClCompile Include="..\src\components\TransformComponent.cpp">
      <Filter>src\components</Filter>
    </ClCompile>
    <ClCompile Include="..\src\components\RenderableComponent.cpp">
      <Filter>src\components</Filter>
    </ClCompile>
    <ClCompile Include="..\src\components\PlayerControllerComponent.cpp">
      <Filter>src\components</Filter>
    </ClCompile>
    <ClCompile Include="..\src\components\ExplossiveComponent.cpp">
      <Filter>src\components</Filter>
    </ClCompile>
    <ClCompile Include="..\src\components\AIMeleeComponent.cpp">
      <Filter>src\components</Filter>
    </ClCompile>
  </ItemGroup>
</Project>